
Microsoft Visual Studio Solution File, Format Version 12.00
# Visual Studio Version 16
VisualStudioVersion = 16.0.30104.148
MinimumVisualStudioVersion = 10.0.40219.1
Project("{FAE04EC0-301F-11D3-BF4B-00C04F79EFBC}") = "SQLiteXP", "SQLiteXP\SQLiteXP.csproj", "{7472C772-25B7-4E53-B481-DF1A019D7D56}"
EndProject
Global
	GlobalSection(SolutionConfigurationPlatforms) = preSolution
		Debug|Any CPU = Debug|Any CPU
		Release|Any CPU = Release|Any CPU
	EndGlobalSection
	GlobalSection(ProjectConfigurationPlatforms) = postSolution
		{7472C772-25B7-4E53-B481-DF1A019D7D56}.Debug|Any CPU.ActiveCfg = Debug|Any CPU
		{7472C772-25B7-4E53-B481-DF1A019D7D56}.Debug|Any CPU.Build.0 = Debug|Any CPU
		{7472C772-25B7-4E53-B481-DF1A019D7D56}.Release|Any CPU.ActiveCfg = Release|Any CPU
		{7472C772-25B7-4E53-B481-DF1A019D7D56}.Release|Any CPU.Build.0 = Release|Any CPU
	EndGlobalSection
	GlobalSection(SolutionProperties) = preSolution
		HideSolutionNode = FALSE
	EndGlobalSection
	GlobalSection(ExtensibilityGlobals) = postSolution
		SolutionGuid = {A8F82178-DDD8-4D79-BB85-1C2CA547E9EE}
	EndGlobalSection
EndGlobal
